
Microsoft Visual Studio Solution File, Format Version 12.00
# Visual Studio Version 17
VisualStudioVersion = 17.5.33502.453
MinimumVisualStudioVersion = 10.0.40219.1
Project("{FAE04EC0-301F-11D3-BF4B-00C04F79EFBC}") = "Lab_Console", "Lab_Console\Lab_Console.csproj", "{8A704D88-069D-4299-B8B2-E06E754FDC23}"
EndProject
Project("{FAE04EC0-301F-11D3-BF4B-00C04F79EFBC}") = "Lab_Form", "Lab_Form\Lab_Form.csproj", "{D37B1D2A-806A-46B0-BE25-3A2C759C7ED4}"
EndProject
Global
	GlobalSection(SolutionConfigurationPlatforms) = preSolution
		Debug|Any CPU = Debug|Any CPU
		Release|Any CPU = Release|Any CPU
	EndGlobalSection
	GlobalSection(ProjectConfigurationPlatforms) = postSolution
		{8A704D88-069D-4299-B8B2-E06E754FDC23}.Debug|Any CPU.ActiveCfg = Debug|Any CPU
		{8A704D88-069D-4299-B8B2-E06E754FDC23}.Debug|Any CPU.Build.0 = Debug|Any CPU
		{8A704D88-069D-4299-B8B2-E06E754FDC23}.Release|Any CPU.ActiveCfg = Release|Any CPU
		{8A704D88-069D-4299-B8B2-E06E754FDC23}.Release|Any CPU.Build.0 = Release|Any CPU
		{D37B1D2A-806A-46B0-BE25-3A2C759C7ED4}.Debug|Any CPU.ActiveCfg = Debug|Any CPU
		{D37B1D2A-806A-46B0-BE25-3A2C759C7ED4}.Debug|Any CPU.Build.0 = Debug|Any CPU
		{D37B1D2A-806A-46B0-BE25-3A2C759C7ED4}.Release|Any CPU.ActiveCfg = Release|Any CPU
		{D37B1D2A-806A-46B0-BE25-3A2C759C7ED4}.Release|Any CPU.Build.0 = Release|Any CPU
	EndGlobalSection
	GlobalSection(SolutionProperties) = preSolution
		HideSolutionNode = FALSE
	EndGlobalSection
	GlobalSection(ExtensibilityGlobals) = postSolution
		SolutionGuid = {12B880B5-1A71-45FF-B0BA-78BAD27AB62E}
	EndGlobalSection
EndGlobal
